
Microsoft Visual Studio Solution File, Format Version 12.00
# Visual Studio 15
VisualStudioVersion = 15.0.27703.2047
MinimumVisualStudioVersion = 10.0.40219.1
Project("{FAE04EC0-301F-11D3-BF4B-00C04F79EFBC}") = "RegistryWMI", "RegistryWMI\RegistryWMI.csproj", "{FBFFEE62-EEB5-4E60-9758-C3ED10C81C36}"
EndProject
Global
	GlobalSection(SolutionConfigurationPlatforms) = preSolution
		Debug|Any CPU = Debug|Any CPU
		Release|Any CPU = Release|Any CPU
	EndGlobalSection
	GlobalSection(ProjectConfigurationPlatforms) = postSolution
		{FBFFEE62-EEB5-4E60-9758-C3ED10C81C36}.Debug|Any CPU.ActiveCfg = Debug|Any CPU
		{FBFFEE62-EEB5-4E60-9758-C3ED10C81C36}.Debug|Any CPU.Build.0 = Debug|Any CPU
		{FBFFEE62-EEB5-4E60-9758-C3ED10C81C36}.Release|Any CPU.ActiveCfg = Release|Any CPU
		{FBFFEE62-EEB5-4E60-9758-C3ED10C81C36}.Release|Any CPU.Build.0 = Release|Any CPU
	EndGlobalSection
	GlobalSection(SolutionProperties) = preSolution
		HideSolutionNode = FALSE
	EndGlobalSection
	GlobalSection(ExtensibilityGlobals) = postSolution
		SolutionGuid = {0DD28814-8CFB-4DC9-80AE-B35F94591AAF}
	EndGlobalSection
EndGlobal
